
Microsoft Visual Studio Solution File, Format Version 12.00
# Visual Studio Version 17
VisualStudioVersion = 17.14.36109.1
MinimumVisualStudioVersion = 10.0.40219.1
Project("{F2A71F9B-5D33-465A-A702-920D77279786}") = "OrleansSimplestThing", "OrleansSimplestThing\OrleansSimplestThing.fsproj", "{1FE9C3F0-F8E9-4835-B28B-7EAFC121F26A}"
EndProject
Project("{FAE04EC0-301F-11D3-BF4B-00C04F79EFBC}") = "OrleansCodegen", "OrleansCodegen\OrleansCodegen.csproj", "{F777EC84-3B9A-4F17-A6FB-9EFD134EAD19}"
EndProject
Project("{F2A71F9B-5D33-465A-A702-920D77279786}") = "Grains", "Grains\Grains.fsproj", "{319BBAD8-638E-4649-A503-E9BF51AE2DA3}"
EndProject
Global
	GlobalSection(SolutionConfigurationPlatforms) = preSolution
		Debug|Any CPU = Debug|Any CPU
		Release|Any CPU = Release|Any CPU
	EndGlobalSection
	GlobalSection(ProjectConfigurationPlatforms) = postSolution
		{1FE9C3F0-F8E9-4835-B28B-7EAFC121F26A}.Debug|Any CPU.ActiveCfg = Debug|Any CPU
		{1FE9C3F0-F8E9-4835-B28B-7EAFC121F26A}.Debug|Any CPU.Build.0 = Debug|Any CPU
		{1FE9C3F0-F8E9-4835-B28B-7EAFC121F26A}.Release|Any CPU.ActiveCfg = Release|Any CPU
		{1FE9C3F0-F8E9-4835-B28B-7EAFC121F26A}.Release|Any CPU.Build.0 = Release|Any CPU
		{F777EC84-3B9A-4F17-A6FB-9EFD134EAD19}.Debug|Any CPU.ActiveCfg = Debug|Any CPU
		{F777EC84-3B9A-4F17-A6FB-9EFD134EAD19}.Debug|Any CPU.Build.0 = Debug|Any CPU
		{F777EC84-3B9A-4F17-A6FB-9EFD134EAD19}.Release|Any CPU.ActiveCfg = Release|Any CPU
		{F777EC84-3B9A-4F17-A6FB-9EFD134EAD19}.Release|Any CPU.Build.0 = Release|Any CPU
		{319BBAD8-638E-4649-A503-E9BF51AE2DA3}.Debug|Any CPU.ActiveCfg = Debug|Any CPU
		{319BBAD8-638E-4649-A503-E9BF51AE2DA3}.Debug|Any CPU.Build.0 = Debug|Any CPU
		{319BBAD8-638E-4649-A503-E9BF51AE2DA3}.Release|Any CPU.ActiveCfg = Release|Any CPU
		{319BBAD8-638E-4649-A503-E9BF51AE2DA3}.Release|Any CPU.Build.0 = Release|Any CPU
	EndGlobalSection
	GlobalSection(SolutionProperties) = preSolution
		HideSolutionNode = FALSE
	EndGlobalSection
	GlobalSection(ExtensibilityGlobals) = postSolution
		SolutionGuid = {004BC28E-3EE9-4B3B-A4F9-B3A4F870E0B4}
	EndGlobalSection
EndGlobal
